
Microsoft Visual Studio Solution File, Format Version 12.00
# Visual Studio 14
VisualStudioVersion = 14.0.25420.1
MinimumVisualStudioVersion = 10.0.40219.1
Project("{2150E333-8FDC-42A3-9474-1A3956D46DE8}") = "src", "src", "{572CC689-2412-45A6-B0D8-DC20C46BA7C3}"
EndProject
Project("{2150E333-8FDC-42A3-9474-1A3956D46DE8}") = "Solution Items", "Solution Items", "{819FF0BE-D9CF-4E9C-9FCC-A2C5BBF96DEB}"
	ProjectSection(SolutionItems) = preProject
		global.json = global.json
	EndProjectSection
EndProject
Project("{8BB2217D-0F2D-49D1-97BC-3654ED321F3B}") = "BashParserCore", "src\BashParserCore\BashParserCore.xproj", "{5E1A7186-72AB-4F01-B178-9243EA2C57B0}"
EndProject
Project("{8BB2217D-0F2D-49D1-97BC-3654ED321F3B}") = "WebParser", "src\WebParser\WebParser.xproj", "{7649F0EE-4AB2-4334-AD82-35456CC3AB78}"
EndProject
Project("{8BB2217D-0F2D-49D1-97BC-3654ED321F3B}") = "BashParserCore.Tests", "test\BashParserCore.Tests\BashParserCore.Tests.xproj", "{C620FB45-81F6-47EF-AE91-64E3B0678CFC}"
EndProject
Global
	GlobalSection(SolutionConfigurationPlatforms) = preSolution
		Debug|Any CPU = Debug|Any CPU
		Release|Any CPU = Release|Any CPU
	EndGlobalSection
	GlobalSection(ProjectConfigurationPlatforms) = postSolution
		{5E1A7186-72AB-4F01-B178-9243EA2C57B0}.Debug|Any CPU.ActiveCfg = Debug|Any CPU
		{5E1A7186-72AB-4F01-B178-9243EA2C57B0}.Debug|Any CPU.Build.0 = Debug|Any CPU
		{5E1A7186-72AB-4F01-B178-9243EA2C57B0}.Release|Any CPU.ActiveCfg = Release|Any CPU
		{5E1A7186-72AB-4F01-B178-9243EA2C57B0}.Release|Any CPU.Build.0 = Release|Any CPU
		{7649F0EE-4AB2-4334-AD82-35456CC3AB78}.Debug|Any CPU.ActiveCfg = Debug|Any CPU
		{7649F0EE-4AB2-4334-AD82-35456CC3AB78}.Debug|Any CPU.Build.0 = Debug|Any CPU
		{7649F0EE-4AB2-4334-AD82-35456CC3AB78}.Release|Any CPU.ActiveCfg = Release|Any CPU
		{7649F0EE-4AB2-4334-AD82-35456CC3AB78}.Release|Any CPU.Build.0 = Release|Any CPU
		{C620FB45-81F6-47EF-AE91-64E3B0678CFC}.Debug|Any CPU.ActiveCfg = Debug|Any CPU
		{C620FB45-81F6-47EF-AE91-64E3B0678CFC}.Debug|Any CPU.Build.0 = Debug|Any CPU
		{C620FB45-81F6-47EF-AE91-64E3B0678CFC}.Release|Any CPU.ActiveCfg = Release|Any CPU
		{C620FB45-81F6-47EF-AE91-64E3B0678CFC}.Release|Any CPU.Build.0 = Release|Any CPU
	EndGlobalSection
	GlobalSection(SolutionProperties) = preSolution
		HideSolutionNode = FALSE
	EndGlobalSection
	GlobalSection(NestedProjects) = preSolution
		{819FF0BE-D9CF-4E9C-9FCC-A2C5BBF96DEB} = {572CC689-2412-45A6-B0D8-DC20C46BA7C3}
		{5E1A7186-72AB-4F01-B178-9243EA2C57B0} = {572CC689-2412-45A6-B0D8-DC20C46BA7C3}
		{7649F0EE-4AB2-4334-AD82-35456CC3AB78} = {572CC689-2412-45A6-B0D8-DC20C46BA7C3}
		{C620FB45-81F6-47EF-AE91-64E3B0678CFC} = {572CC689-2412-45A6-B0D8-DC20C46BA7C3}
	EndGlobalSection
EndGlobal
